
Microsoft Visual Studio Solution File, Format Version 12.00
# Visual Studio Version 17
VisualStudioVersion = 17.9.34728.123
MinimumVisualStudioVersion = 10.0.40219.1
Project("{FAE04EC0-301F-11D3-BF4B-00C04F79EFBC}") = "AmenityExpress", "AmenityExpress\AmenityExpress.csproj", "{F08D88B4-FB58-4C2E-A166-D6B39A65B2A5}"
EndProject
Global
	GlobalSection(SolutionConfigurationPlatforms) = preSolution
		Debug|Any CPU = Debug|Any CPU
		Release|Any CPU = Release|Any CPU
	EndGlobalSection
	GlobalSection(ProjectConfigurationPlatforms) = postSolution
		{F08D88B4-FB58-4C2E-A166-D6B39A65B2A5}.Debug|Any CPU.ActiveCfg = Debug|Any CPU
		{F08D88B4-FB58-4C2E-A166-D6B39A65B2A5}.Debug|Any CPU.Build.0 = Debug|Any CPU
		{F08D88B4-FB58-4C2E-A166-D6B39A65B2A5}.Release|Any CPU.ActiveCfg = Release|Any CPU
		{F08D88B4-FB58-4C2E-A166-D6B39A65B2A5}.Release|Any CPU.Build.0 = Release|Any CPU
	EndGlobalSection
	GlobalSection(SolutionProperties) = preSolution
		HideSolutionNode = FALSE
	EndGlobalSection
	GlobalSection(ExtensibilityGlobals) = postSolution
		SolutionGuid = {01993280-1A89-4A36-BD6E-E7B3012D5927}
	EndGlobalSection
EndGlobal
